PODS:
  - Flutter (1.0.0)
  - integration_test (0.0.1):
    - Flutter
  - location_plus (0.0.1):
    - Flutter
  - permission_handler_apple (9.1.1):
    - Flutter

DEPENDENCIES:
  - Flutter (from `Flutter`)
  - integration_test (from `.symlinks/plugins/integration_test/ios`)
  - location_plus (from `.symlinks/plugins/location_plus/ios`)
  - permission_handler_apple (from `.symlinks/plugins/permission_handler_apple/ios`)

EXTERNAL SOURCES:
  Flutter:
    :path: Flutter
  integration_test:
    :path: ".symlinks/plugins/integration_test/ios"
  location_plus:
    :path: ".symlinks/plugins/location_plus/ios"
  permission_handler_apple:
    :path: ".symlinks/plugins/permission_handler_apple/ios"

SPEC CHECKSUMS:
  Flutter: f04841e97a9d0b0a8025694d0796dd46242b2854
  integration_test: 13825b8a9334a850581300559b8839134b124670
  location_plus: 6a7e2e98ba40d9a9b78c4bb75e6a2808d4bd09e3
  permission_handler_apple: e76247795d700c14ea09e3a2d8855d41ee80a2e6

PODFILE CHECKSUM: be0437151dfb81a1140cd6133863ba4d722e7795

COCOAPODS: 1.12.1
