PODS:
  - Flutter (1.0.0)
  - integration_test (0.0.1):
    - Flutter
  - location_plus (0.0.1):
    - Flutter
  - permission_handler_apple (9.3.0):
    - Flutter

DEPENDENCIES:
  - Flutter (from `Flutter`)
  - integration_test (from `.symlinks/plugins/integration_test/ios`)
  - location_plus (from `.symlinks/plugins/location_plus/ios`)
  - permission_handler_apple (from `.symlinks/plugins/permission_handler_apple/ios`)

EXTERNAL SOURCES:
  Flutter:
    :path: Flutter
  integration_test:
    :path: ".symlinks/plugins/integration_test/ios"
  location_plus:
    :path: ".symlinks/plugins/location_plus/ios"
  permission_handler_apple:
    :path: ".symlinks/plugins/permission_handler_apple/ios"

SPEC CHECKSUMS:
  Flutter: e0871f40cf51350855a761d2e70bf5af5b9b5de7
  integration_test: 13825b8a9334a850581300559b8839134b124670
  location_plus: 6a7e2e98ba40d9a9b78c4bb75e6a2808d4bd09e3
  permission_handler_apple: 036b856153a2b1f61f21030ff725f3e6fece2b78

PODFILE CHECKSUM: 14359a5ff36ff90c031e6af6ee922076841cd355

COCOAPODS: 1.15.2
